// !$*UTF8*$!
{
	archiveVersion = 1;
	classes = {
	};
	objectVersion = 52;
	objects = {

/* Begin PBXBuildFile section */
		A8096DE326D6E53600DE5ABF /* LocalStorage.swift in Sources */ = {isa = PBXBuildFile; fileRef = A8096DE226D6E53600DE5ABF /* LocalStorage.swift */; };
		A8096DE726D7049200DE5ABF /* SUImagePickerView.swift in Sources */ = {isa = PBXBuildFile; fileRef = A8096DE626D7049200DE5ABF /* SUImagePickerView.swift */; };
		A809F4DC26CB3CA100237C30 /* LoginView.swift in Sources */ = {isa = PBXBuildFile; fileRef = A809F4DB26CB3CA100237C30 /* LoginView.swift */; };
		A809F4DE26CB3CC600237C30 /* CreateAccountView.swift in Sources */ = {isa = PBXBuildFile; fileRef = A809F4DD26CB3CC600237C30 /* CreateAccountView.swift */; };
		A81E52EE26D54EAE000D36F3 /* HomeViewModel.swift in Sources */ = {isa = PBXBuildFile; fileRef = A81E52ED26D54EAE000D36F3 /* HomeViewModel.swift */; };
		A860D65F26C8207700E431F4 /* GameStreamApp.swift in Sources */ = {isa = PBXBuildFile; fileRef = A860D65E26C8207700E431F4 /* GameStreamApp.swift */; };
		A860D66126C8207700E431F4 /* ContentView.swift in Sources */ = {isa = PBXBuildFile; fileRef = A860D66026C8207700E431F4 /* ContentView.swift */; };
		A860D66326C8207900E431F4 /* Assets.xcassets in Resources */ = {isa = PBXBuildFile; fileRef = A860D66226C8207900E431F4 /* Assets.xcassets */; };
		A860D66626C8207900E431F4 /* Preview Assets.xcassets in Resources */ = {isa = PBXBuildFile; fileRef = A860D66526C8207900E431F4 /* Preview Assets.xcassets */; };
		A860D67126C8207A00E431F4 /* GameStreamTests.swift in Sources */ = {isa = PBXBuildFile; fileRef = A860D67026C8207A00E431F4 /* GameStreamTests.swift */; };
		A860D67C26C8207A00E431F4 /* GameStreamUITests.swift in Sources */ = {isa = PBXBuildFile; fileRef = A860D67B26C8207A00E431F4 /* GameStreamUITests.swift */; };
		A87565B026D2C7A100D5CBAF /* GamesView.swift in Sources */ = {isa = PBXBuildFile; fileRef = A87565AF26D2C7A100D5CBAF /* GamesView.swift */; };
		A87565B626D2C9D400D5CBAF /* Game.swift in Sources */ = {isa = PBXBuildFile; fileRef = A87565B526D2C9D400D5CBAF /* Game.swift */; };
		A87565B826D2CAF500D5CBAF /* VideoUrl.swift in Sources */ = {isa = PBXBuildFile; fileRef = A87565B726D2CAF500D5CBAF /* VideoUrl.swift */; };
		A87565BA26D2CC0600D5CBAF /* GamesViewModel.swift in Sources */ = {isa = PBXBuildFile; fileRef = A87565B926D2CC0600D5CBAF /* GamesViewModel.swift */; };
		A87565BD26D2F7D700D5CBAF /* Kingfisher in Frameworks */ = {isa = PBXBuildFile; productRef = A87565BC26D2F7D700D5CBAF /* Kingfisher */; };
		A87565BF26D2FA2900D5CBAF /* GameView.swift in Sources */ = {isa = PBXBuildFile; fileRef = A87565BE26D2FA2900D5CBAF /* GameView.swift */; };
		A89C12BE26D5B3BE00BEA97B /* FavoritesView.swift in Sources */ = {isa = PBXBuildFile; fileRef = A89C12BD26D5B3BE00BEA97B /* FavoritesView.swift */; };
		A89C12C026D5B64F00BEA97B /* ProfileView.swift in Sources */ = {isa = PBXBuildFile; fileRef = A89C12BF26D5B64F00BEA97B /* ProfileView.swift */; };
		A89C12C226D5DE8600BEA97B /* EditProfileView.swift in Sources */ = {isa = PBXBuildFile; fileRef = A89C12C126D5DE8600BEA97B /* EditProfileView.swift */; };
		A89F896726CD6BA1006D6C61 /* Home.swift in Sources */ = {isa = PBXBuildFile; fileRef = A89F896626CD6BA1006D6C61 /* Home.swift */; };
/* End PBXBuildFile section */

/* Begin PBXContainerItemProxy section */
		A860D66D26C8207A00E431F4 /* PBXContainerItemProxy */ = {
			isa = PBXContainerItemProxy;
			containerPortal = A860D65326C8207700E431F4 /* Project object */;
			proxyType = 1;
			remoteGlobalIDString = A860D65A26C8207700E431F4;
			remoteInfo = GameStream;
		};
		A860D67826C8207A00E431F4 /* PBXContainerItemProxy */ = {
			isa = PBXContainerItemProxy;
			containerPortal = A860D65326C8207700E431F4 /* Project object */;
			proxyType = 1;
			remoteGlobalIDString = A860D65A26C8207700E431F4;
			remoteInfo = GameStream;
		};
/* End PBXContainerItemProxy section */

/* Begin PBXFileReference section */
		A8096DE226D6E53600DE5ABF /* LocalStorage.swift */ = {isa = PBXFileReference; lastKnownFileType = sourcecode.swift; path = LocalStorage.swift; sourceTree = "<group>"; };
		A8096DE626D7049200DE5ABF /* SUImagePickerView.swift */ = {isa = PBXFileReference; lastKnownFileType = sourcecode.swift; path = SUImagePickerView.swift; sourceTree = "<group>"; };
		A809F4DB26CB3CA100237C30 /* LoginView.swift */ = {isa = PBXFileReference; lastKnownFileType = sourcecode.swift; path = LoginView.swift; sourceTree = "<group>"; };
		A809F4DD26CB3CC600237C30 /* CreateAccountView.swift */ = {isa = PBXFileReference; lastKnownFileType = sourcecode.swift; path = CreateAccountView.swift; sourceTree = "<group>"; };
		A81E52ED26D54EAE000D36F3 /* HomeViewModel.swift */ = {isa = PBXFileReference; lastKnownFileType = sourcecode.swift; path = HomeViewModel.swift; sourceTree = "<group>"; };
		A860D65B26C8207700E431F4 /* GameStream.app */ = {isa = PBXFileReference; explicitFileType = wrapper.application; includeInIndex = 0; path = GameStream.app; sourceTree = BUILT_PRODUCTS_DIR; };
		A860D65E26C8207700E431F4 /* GameStreamApp.swift */ = {isa = PBXFileReference; lastKnownFileType = sourcecode.swift; path = GameStreamApp.swift; sourceTree = "<group>"; };
		A860D66026C8207700E431F4 /* ContentView.swift */ = {isa = PBXFileReference; lastKnownFileType = sourcecode.swift; path = ContentView.swift; sourceTree = "<group>"; };
		A860D66226C8207900E431F4 /* Assets.xcassets */ = {isa = PBXFileReference; lastKnownFileType = folder.assetcatalog; path = Assets.xcassets; sourceTree = "<group>"; };
		A860D66526C8207900E431F4 /* Preview Assets.xcassets */ = {isa = PBXFileReference; lastKnownFileType = folder.assetcatalog; path = "Preview Assets.xcassets"; sourceTree = "<group>"; };
		A860D66726C8207900E431F4 /* Info.plist */ = {isa = PBXFileReference; lastKnownFileType = text.plist.xml; path = Info.plist; sourceTree = "<group>"; };
		A860D66C26C8207A00E431F4 /* GameStreamTests.xctest */ = {isa = PBXFileReference; explicitFileType = wrapper.cfbundle; includeInIndex = 0; path = GameStreamTests.xctest; sourceTree = BUILT_PRODUCTS_DIR; };
		A860D67026C8207A00E431F4 /* GameStreamTests.swift */ = {isa = PBXFileReference; lastKnownFileType = sourcecode.swift; path = GameStreamTests.swift; sourceTree = "<group>"; };
		A860D67226C8207A00E431F4 /* Info.plist */ = {isa = PBXFileReference; lastKnownFileType = text.plist.xml; path = Info.plist; sourceTree = "<group>"; };
		A860D67726C8207A00E431F4 /* GameStreamUITests.xctest */ = {isa = PBXFileReference; explicitFileType = wrapper.cfbundle; includeInIndex = 0; path = GameStreamUITests.xctest; sourceTree = BUILT_PRODUCTS_DIR; };
		A860D67B26C8207A00E431F4 /* GameStreamUITests.swift */ = {isa = PBXFileReference; lastKnownFileType = sourcecode.swift; path = GameStreamUITests.swift; sourceTree = "<group>"; };
		A860D67D26C8207A00E431F4 /* Info.plist */ = {isa = PBXFileReference; lastKnownFileType = text.plist.xml; path = Info.plist; sourceTree = "<group>"; };
		A87565AF26D2C7A100D5CBAF /* GamesView.swift */ = {isa = PBXFileReference; lastKnownFileType = sourcecode.swift; path = GamesView.swift; sourceTree = "<group>"; };
		A87565B526D2C9D400D5CBAF /* Game.swift */ = {isa = PBXFileReference; lastKnownFileType = sourcecode.swift; path = Game.swift; sourceTree = "<group>"; };
		A87565B726D2CAF500D5CBAF /* VideoUrl.swift */ = {isa = PBXFileReference; lastKnownFileType = sourcecode.swift; path = VideoUrl.swift; sourceTree = "<group>"; };
		A87565B926D2CC0600D5CBAF /* GamesViewModel.swift */ = {isa = PBXFileReference; lastKnownFileType = sourcecode.swift; path = GamesViewModel.swift; sourceTree = "<group>"; };
		A87565BE26D2FA2900D5CBAF /* GameView.swift */ = {isa = PBXFileReference; lastKnownFileType = sourcecode.swift; path = GameView.swift; sourceTree = "<group>"; };
		A89C12BD26D5B3BE00BEA97B /* FavoritesView.swift */ = {isa = PBXFileReference; lastKnownFileType = sourcecode.swift; path = FavoritesView.swift; sourceTree = "<group>"; };
		A89C12BF26D5B64F00BEA97B /* ProfileView.swift */ = {isa = PBXFileReference; lastKnownFileType = sourcecode.swift; path = ProfileView.swift; sourceTree = "<group>"; };
		A89C12C126D5DE8600BEA97B /* EditProfileView.swift */ = {isa = PBXFileReference; lastKnownFileType = sourcecode.swift; path = EditProfileView.swift; sourceTree = "<group>"; };
		A89F896626CD6BA1006D6C61 /* Home.swift */ = {isa = PBXFileReference; lastKnownFileType = sourcecode.swift; path = Home.swift; sourceTree = "<group>"; };
/* End PBXFileReference section */

/* Begin PBXFrameworksBuildPhase section */
		A860D65826C8207700E431F4 /* Frameworks */ = {
			isa = PBXFrameworksBuildPhase;
			buildActionMask = 2147483647;
			files = (
				A87565BD26D2F7D700D5CBAF /* Kingfisher in Frameworks */,
			);
			runOnlyForDeploymentPostprocessing = 0;
		};
		A860D66926C8207A00E431F4 /* Frameworks */ = {
			isa = PBXFrameworksBuildPhase;
			buildActionMask = 2147483647;
			files = (
			);
			runOnlyForDeploymentPostprocessing = 0;
		};
		A860D67426C8207A00E431F4 /* Frameworks */ = {
			isa = PBXFrameworksBuildPhase;
			buildActionMask = 2147483647;
			files = (
			);
			runOnlyForDeploymentPostprocessing = 0;
		};
/* End PBXFrameworksBuildPhase section */

/* Begin PBXGroup section */
		A860D65226C8207700E431F4 = {
			isa = PBXGroup;
			children = (
				A860D65D26C8207700E431F4 /* GameStream */,
				A860D66F26C8207A00E431F4 /* GameStreamTests */,
				A860D67A26C8207A00E431F4 /* GameStreamUITests */,
				A860D65C26C8207700E431F4 /* Products */,
			);
			sourceTree = "<group>";
		};
		A860D65C26C8207700E431F4 /* Products */ = {
			isa = PBXGroup;
			children = (
				A860D65B26C8207700E431F4 /* GameStream.app */,
				A860D66C26C8207A00E431F4 /* GameStreamTests.xctest */,
				A860D67726C8207A00E431F4 /* GameStreamUITests.xctest */,
			);
			name = Products;
			sourceTree = "<group>";
		};
		A860D65D26C8207700E431F4 /* GameStream */ = {
			isa = PBXGroup;
			children = (
				A87565B426D2C8DB00D5CBAF /* ViewModel */,
				A87565B326D2C8CC00D5CBAF /* Models */,
				A87565B126D2C89600D5CBAF /* Views */,
				A860D65E26C8207700E431F4 /* GameStreamApp.swift */,
				A860D66226C8207900E431F4 /* Assets.xcassets */,
				A860D66726C8207900E431F4 /* Info.plist */,
				A860D66426C8207900E431F4 /* Preview Content */,
				A8096DE626D7049200DE5ABF /* SUImagePickerView.swift */,
			);
			path = GameStream;
			sourceTree = "<group>";
		};
		A860D66426C8207900E431F4 /* Preview Content */ = {
			isa = PBXGroup;
			children = (
				A860D66526C8207900E431F4 /* Preview Assets.xcassets */,
			);
			path = "Preview Content";
			sourceTree = "<group>";
		};
		A860D66F26C8207A00E431F4 /* GameStreamTests */ = {
			isa = PBXGroup;
			children = (
				A860D67026C8207A00E431F4 /* GameStreamTests.swift */,
				A860D67226C8207A00E431F4 /* Info.plist */,
			);
			path = GameStreamTests;
			sourceTree = "<group>";
		};
		A860D67A26C8207A00E431F4 /* GameStreamUITests */ = {
			isa = PBXGroup;
			children = (
				A860D67B26C8207A00E431F4 /* GameStreamUITests.swift */,
				A860D67D26C8207A00E431F4 /* Info.plist */,
			);
			path = GameStreamUITests;
			sourceTree = "<group>";
		};
		A87565B126D2C89600D5CBAF /* Views */ = {
			isa = PBXGroup;
			children = (
				A87565BE26D2FA2900D5CBAF /* GameView.swift */,
				A860D66026C8207700E431F4 /* ContentView.swift */,
				A89F896626CD6BA1006D6C61 /* Home.swift */,
				A87565AF26D2C7A100D5CBAF /* GamesView.swift */,
				A809F4DD26CB3CC600237C30 /* CreateAccountView.swift */,
				A809F4DB26CB3CA100237C30 /* LoginView.swift */,
				A89C12BD26D5B3BE00BEA97B /* FavoritesView.swift */,
				A89C12BF26D5B64F00BEA97B /* ProfileView.swift */,
				A89C12C126D5DE8600BEA97B /* EditProfileView.swift */,
			);
			path = Views;
			sourceTree = "<group>";
		};
		A87565B326D2C8CC00D5CBAF /* Models */ = {
			isa = PBXGroup;
			children = (
				A87565B526D2C9D400D5CBAF /* Game.swift */,
				A87565B726D2CAF500D5CBAF /* VideoUrl.swift */,
			);
			path = Models;
			sourceTree = "<group>";
		};
		A87565B426D2C8DB00D5CBAF /* ViewModel */ = {
			isa = PBXGroup;
			children = (
				A87565B926D2CC0600D5CBAF /* GamesViewModel.swift */,
				A81E52ED26D54EAE000D36F3 /* HomeViewModel.swift */,
				A8096DE226D6E53600DE5ABF /* LocalStorage.swift */,
			);
			path = ViewModel;
			sourceTree = "<group>";
		};
/* End PBXGroup section */

/* Begin PBXNativeTarget section */
		A860D65A26C8207700E431F4 /* GameStream */ = {
			isa = PBXNativeTarget;
			buildConfigurationList = A860D68026C8207A00E431F4 /* Build configuration list for PBXNativeTarget "GameStream" */;
			buildPhases = (
				A860D65726C8207700E431F4 /* Sources */,
				A860D65826C8207700E431F4 /* Frameworks */,
				A860D65926C8207700E431F4 /* Resources */,
			);
			buildRules = (
			);
			dependencies = (
			);
			name = GameStream;
			packageProductDependencies = (
				A87565BC26D2F7D700D5CBAF /* Kingfisher */,
			);
			productName = GameStream;
			productReference = A860D65B26C8207700E431F4 /* GameStream.app */;
			productType = "com.apple.product-type.application";
		};
		A860D66B26C8207A00E431F4 /* GameStreamTests */ = {
			isa = PBXNativeTarget;
			buildConfigurationList = A860D68326C8207A00E431F4 /* Build configuration list for PBXNativeTarget "GameStreamTests" */;
			buildPhases = (
				A860D66826C8207A00E431F4 /* Sources */,
				A860D66926C8207A00E431F4 /* Frameworks */,
				A860D66A26C8207A00E431F4 /* Resources */,
			);
			buildRules = (
			);
			dependencies = (
				A860D66E26C8207A00E431F4 /* PBXTargetDependency */,
			);
			name = GameStreamTests;
			productName = GameStreamTests;
			productReference = A860D66C26C8207A00E431F4 /* GameStreamTests.xctest */;
			productType = "com.apple.product-type.bundle.unit-test";
		};
		A860D67626C8207A00E431F4 /* GameStreamUITests */ = {
			isa = PBXNativeTarget;
			buildConfigurationList = A860D68626C8207A00E431F4 /* Build configuration list for PBXNativeTarget "GameStreamUITests" */;
			buildPhases = (
				A860D67326C8207A00E431F4 /* Sources */,
				A860D67426C8207A00E431F4 /* Frameworks */,
				A860D67526C8207A00E431F4 /* Resources */,
			);
			buildRules = (
			);
			dependencies = (
				A860D67926C8207A00E431F4 /* PBXTargetDependency */,
			);
			name = GameStreamUITests;
			productName = GameStreamUITests;
			productReference = A860D67726C8207A00E431F4 /* GameStreamUITests.xctest */;
			productType = "com.apple.product-type.bundle.ui-testing";
		};
/* End PBXNativeTarget section */

/* Begin PBXProject section */
		A860D65326C8207700E431F4 /* Project object */ = {
			isa = PBXProject;
			attributes = {
				LastSwiftUpdateCheck = 1250;
				LastUpgradeCheck = 1250;
				TargetAttributes = {
					A860D65A26C8207700E431F4 = {
						CreatedOnToolsVersion = 12.5.1;
					};
					A860D66B26C8207A00E431F4 = {
						CreatedOnToolsVersion = 12.5.1;
						TestTargetID = A860D65A26C8207700E431F4;
					};
					A860D67626C8207A00E431F4 = {
						CreatedOnToolsVersion = 12.5.1;
						TestTargetID = A860D65A26C8207700E431F4;
					};
				};
			};
			buildConfigurationList = A860D65626C8207700E431F4 /* Build configuration list for PBXProject "GameStream" */;
			compatibilityVersion = "Xcode 9.3";
			developmentRegion = en;
			hasScannedForEncodings = 0;
			knownRegions = (
				en,
				Base,
			);
			mainGroup = A860D65226C8207700E431F4;
			packageReferences = (
				A87565BB26D2F7D700D5CBAF /* XCRemoteSwiftPackageReference "Kingfisher" */,
			);
			productRefGroup = A860D65C26C8207700E431F4 /* Products */;
			projectDirPath = "";
			projectRoot = "";
			targets = (
				A860D65A26C8207700E431F4 /* GameStream */,
				A860D66B26C8207A00E431F4 /* GameStreamTests */,
				A860D67626C8207A00E431F4 /* GameStreamUITests */,
			);
		};
/* End PBXProject section */

/* Begin PBXResourcesBuildPhase section */
		A860D65926C8207700E431F4 /* Resources */ = {
			isa = PBXResourcesBuildPhase;
			buildActionMask = 2147483647;
			files = (
				A860D66626C8207900E431F4 /* Preview Assets.xcassets in Resources */,
				A860D66326C8207900E431F4 /* Assets.xcassets in Resources */,
			);
			runOnlyForDeploymentPostprocessing = 0;
		};
		A860D66A26C8207A00E431F4 /* Resources */ = {
			isa = PBXResourcesBuildPhase;
			buildActionMask = 2147483647;
			files = (
			);
			runOnlyForDeploymentPostprocessing = 0;
		};
		A860D67526C8207A00E431F4 /* Resources */ = {
			isa = PBXResourcesBuildPhase;
			buildActionMask = 2147483647;
			files = (
			);
			runOnlyForDeploymentPostprocessing = 0;
		};
/* End PBXResourcesBuildPhase section */

/* Begin PBXSourcesBuildPhase section */
		A860D65726C8207700E431F4 /* Sources */ = {
			isa = PBXSourcesBuildPhase;
			buildActionMask = 2147483647;
			files = (
				A89C12C226D5DE8600BEA97B /* EditProfileView.swift in Sources */,
				A87565B026D2C7A100D5CBAF /* GamesView.swift in Sources */,
				A89C12C026D5B64F00BEA97B /* ProfileView.swift in Sources */,
				A81E52EE26D54EAE000D36F3 /* HomeViewModel.swift in Sources */,
				A809F4DC26CB3CA100237C30 /* LoginView.swift in Sources */,
				A87565BA26D2CC0600D5CBAF /* GamesViewModel.swift in Sources */,
				A8096DE726D7049200DE5ABF /* SUImagePickerView.swift in Sources */,
				A8096DE326D6E53600DE5ABF /* LocalStorage.swift in Sources */,
				A87565B626D2C9D400D5CBAF /* Game.swift in Sources */,
				A87565BF26D2FA2900D5CBAF /* GameView.swift in Sources */,
				A87565B826D2CAF500D5CBAF /* VideoUrl.swift in Sources */,
				A860D66126C8207700E431F4 /* ContentView.swift in Sources */,
				A89C12BE26D5B3BE00BEA97B /* FavoritesView.swift in Sources */,
				A89F896726CD6BA1006D6C61 /* Home.swift in Sources */,
				A809F4DE26CB3CC600237C30 /* CreateAccountView.swift in Sources */,
				A860D65F26C8207700E431F4 /* GameStreamApp.swift in Sources */,
			);
			runOnlyForDeploymentPostprocessing = 0;
		};
		A860D66826C8207A00E431F4 /* Sources */ = {
			isa = PBXSourcesBuildPhase;
			buildActionMask = 2147483647;
			files = (
				A860D67126C8207A00E431F4 /* GameStreamTests.swift in Sources */,
			);
			runOnlyForDeploymentPostprocessing = 0;
		};
		A860D67326C8207A00E431F4 /* Sources */ = {
			isa = PBXSourcesBuildPhase;
			buildActionMask = 2147483647;
			files = (
				A860D67C26C8207A00E431F4 /* GameStreamUITests.swift in Sources */,
			);
			runOnlyForDeploymentPostprocessing = 0;
		};
/* End PBXSourcesBuildPhase section */

/* Begin PBXTargetDependency section */
		A860D66E26C8207A00E431F4 /* PBXTargetDependency */ = {
			isa = PBXTargetDependency;
			target = A860D65A26C8207700E431F4 /* GameStream */;
			targetProxy = A860D66D26C8207A00E431F4 /* PBXContainerItemProxy */;
		};
		A860D67926C8207A00E431F4 /* PBXTargetDependency */ = {
			isa = PBXTargetDependency;
			target = A860D65A26C8207700E431F4 /* GameStream */;
			targetProxy = A860D67826C8207A00E431F4 /* PBXContainerItemProxy */;
		};
/* End PBXTargetDependency section */

/* Begin XCBuildConfiguration section */
		A860D67E26C8207A00E431F4 /* Debug */ = {
			isa = XCBuildConfiguration;
			buildSettings = {
				ALWAYS_SEARCH_USER_PATHS = NO;
				CLANG_ANALYZER_NONNULL = YES;
				CLANG_ANALYZER_NUMBER_OBJECT_CONVERSION = YES_AGGRESSIVE;
				CLANG_CXX_LANGUAGE_STANDARD = "gnu++14";
				CLANG_CXX_LIBRARY = "libc++";
				CLANG_ENABLE_MODULES = YES;
				CLANG_ENABLE_OBJC_ARC = YES;
				CLANG_ENABLE_OBJC_WEAK = YES;
				CLANG_WARN_BLOCK_CAPTURE_AUTORELEASING = YES;
				CLANG_WARN_BOOL_CONVERSION = YES;
				CLANG_WARN_COMMA = YES;
				CLANG_WARN_CONSTANT_CONVERSION = YES;
				CLANG_WARN_DEPRECATED_OBJC_IMPLEMENTATIONS = YES;
				CLANG_WARN_DIRECT_OBJC_ISA_USAGE = YES_ERROR;
				CLANG_WARN_DOCUMENTATION_COMMENTS = YES;
				CLANG_WARN_EMPTY_BODY = YES;
				CLANG_WARN_ENUM_CONVERSION = YES;
				CLANG_WARN_INFINITE_RECURSION = YES;
				CLANG_WARN_INT_CONVERSION = YES;
				CLANG_WARN_NON_LITERAL_NULL_CONVERSION = YES;
				CLANG_WARN_OBJC_IMPLICIT_RETAIN_SELF = YES;
				CLANG_WARN_OBJC_LITERAL_CONVERSION = YES;
				CLANG_WARN_OBJC_ROOT_CLASS = YES_ERROR;
				CLANG_WARN_QUOTED_INCLUDE_IN_FRAMEWORK_HEADER = YES;
				CLANG_WARN_RANGE_LOOP_ANALYSIS = YES;
				CLANG_WARN_STRICT_PROTOTYPES = YES;
				CLANG_WARN_SUSPICIOUS_MOVE = YES;
				CLANG_WARN_UNGUARDED_AVAILABILITY = YES_AGGRESSIVE;
				CLANG_WARN_UNREACHABLE_CODE = YES;
				CLANG_WARN__DUPLICATE_METHOD_MATCH = YES;
				COPY_PHASE_STRIP = NO;
				DEBUG_INFORMATION_FORMAT = dwarf;
				ENABLE_STRICT_OBJC_MSGSEND = YES;
				ENABLE_TESTABILITY = YES;
				GCC_C_LANGUAGE_STANDARD = gnu11;
				GCC_DYNAMIC_NO_PIC = NO;
				GCC_NO_COMMON_BLOCKS = YES;
				GCC_OPTIMIZATION_LEVEL = 0;
				GCC_PREPROCESSOR_DEFINITIONS = (
					"DEBUG=1",
					"$(inherited)",
				);
				GCC_WARN_64_TO_32_BIT_CONVERSION = YES;
				GCC_WARN_ABOUT_RETURN_TYPE = YES_ERROR;
				GCC_WARN_UNDECLARED_SELECTOR = YES;
				GCC_WARN_UNINITIALIZED_AUTOS = YES_AGGRESSIVE;
				GCC_WARN_UNUSED_FUNCTION = YES;
				GCC_WARN_UNUSED_VARIABLE = YES;
				IPHONEOS_DEPLOYMENT_TARGET = 14.5;
				MTL_ENABLE_DEBUG_INFO = INCLUDE_SOURCE;
				MTL_FAST_MATH = YES;
				ONLY_ACTIVE_ARCH = YES;
				SDKROOT = iphoneos;
				SWIFT_ACTIVE_COMPILATION_CONDITIONS = DEBUG;
				SWIFT_OPTIMIZATION_LEVEL = "-Onone";
			};
			name = Debug;
		};
		A860D67F26C8207A00E431F4 /* Release */ = {
			isa = XCBuildConfiguration;
			buildSettings = {
				ALWAYS_SEARCH_USER_PATHS = NO;
				CLANG_ANALYZER_NONNULL = YES;
				CLANG_ANALYZER_NUMBER_OBJECT_CONVERSION = YES_AGGRESSIVE;
				CLANG_CXX_LANGUAGE_STANDARD = "gnu++14";
				CLANG_CXX_LIBRARY = "libc++";
				CLANG_ENABLE_MODULES = YES;
				CLANG_ENABLE_OBJC_ARC = YES;
				CLANG_ENABLE_OBJC_WEAK = YES;
				CLANG_WARN_BLOCK_CAPTURE_AUTORELEASING = YES;
				CLANG_WARN_BOOL_CONVERSION = YES;
				CLANG_WARN_COMMA = YES;
				CLANG_WARN_CONSTANT_CONVERSION = YES;
				CLANG_WARN_DEPRECATED_OBJC_IMPLEMENTATIONS = YES;
				CLANG_WARN_DIRECT_OBJC_ISA_USAGE = YES_ERROR;
				CLANG_WARN_DOCUMENTATION_COMMENTS = YES;
				CLANG_WARN_EMPTY_BODY = YES;
				CLANG_WARN_ENUM_CONVERSION = YES;
				CLANG_WARN_INFINITE_RECURSION = YES;
				CLANG_WARN_INT_CONVERSION = YES;
				CLANG_WARN_NON_LITERAL_NULL_CONVERSION = YES;
				CLANG_WARN_OBJC_IMPLICIT_RETAIN_SELF = YES;
				CLANG_WARN_OBJC_LITERAL_CONVERSION = YES;
				CLANG_WARN_OBJC_ROOT_CLASS = YES_ERROR;
				CLANG_WARN_QUOTED_INCLUDE_IN_FRAMEWORK_HEADER = YES;
				CLANG_WARN_RANGE_LOOP_ANALYSIS = YES;
				CLANG_WARN_STRICT_PROTOTYPES = YES;
				CLANG_WARN_SUSPICIOUS_MOVE = YES;
				CLANG_WARN_UNGUARDED_AVAILABILITY = YES_AGGRESSIVE;
				CLANG_WARN_UNREACHABLE_CODE = YES;
				CLANG_WARN__DUPLICATE_METHOD_MATCH = YES;
				COPY_PHASE_STRIP = NO;
				DEBUG_INFORMATION_FORMAT = "dwarf-with-dsym";
				ENABLE_NS_ASSERTIONS = NO;
				ENABLE_STRICT_OBJC_MSGSEND = YES;
				GCC_C_LANGUAGE_STANDARD = gnu11;
				GCC_NO_COMMON_BLOCKS = YES;
				GCC_WARN_64_TO_32_BIT_CONVERSION = YES;
				GCC_WARN_ABOUT_RETURN_TYPE = YES_ERROR;
				GCC_WARN_UNDECLARED_SELECTOR = YES;
				GCC_WARN_UNINITIALIZED_AUTOS = YES_AGGRESSIVE;
				GCC_WARN_UNUSED_FUNCTION = YES;
				GCC_WARN_UNUSED_VARIABLE = YES;
				IPHONEOS_DEPLOYMENT_TARGET = 14.5;
				MTL_ENABLE_DEBUG_INFO = NO;
				MTL_FAST_MATH = YES;
				SDKROOT = iphoneos;
				SWIFT_COMPILATION_MODE = wholemodule;
				SWIFT_OPTIMIZATION_LEVEL = "-O";
				VALIDATE_PRODUCT = YES;
			};
			name = Release;
		};
		A860D68126C8207A00E431F4 /* Debug */ = {
			isa = XCBuildConfiguration;
			buildSettings = {
				ASSETCATALOG_COMPILER_APPICON_NAME = AppIcon;
				ASSETCATALOG_COMPILER_GLOBAL_ACCENT_COLOR_NAME = AccentColor;
				CODE_SIGN_STYLE = Automatic;
				DEVELOPMENT_ASSET_PATHS = "\"GameStream/Preview Content\"";
				DEVELOPMENT_TEAM = ZQAVFFZSU4;
				ENABLE_PREVIEWS = YES;
				INFOPLIST_FILE = GameStream/Info.plist;
				IPHONEOS_DEPLOYMENT_TARGET = 14.0;
				LD_RUNPATH_SEARCH_PATHS = (
					"$(inherited)",
					"@executable_path/Frameworks",
				);
				PRODUCT_BUNDLE_IDENTIFIER = dev.fernandoflorez.GameStream;
				PRODUCT_NAME = "$(TARGET_NAME)";
				SWIFT_VERSION = 5.0;
				TARGETED_DEVICE_FAMILY = "1,2";
			};
			name = Debug;
		};
		A860D68226C8207A00E431F4 /* Release */ = {
			isa = XCBuildConfiguration;
			buildSettings = {
				ASSETCATALOG_COMPILER_APPICON_NAME = AppIcon;
				ASSETCATALOG_COMPILER_GLOBAL_ACCENT_COLOR_NAME = AccentColor;
				CODE_SIGN_STYLE = Automatic;
				DEVELOPMENT_ASSET_PATHS = "\"GameStream/Preview Content\"";
				DEVELOPMENT_TEAM = ZQAVFFZSU4;
				ENABLE_PREVIEWS = YES;
				INFOPLIST_FILE = GameStream/Info.plist;
				IPHONEOS_DEPLOYMENT_TARGET = 14.0;
				LD_RUNPATH_SEARCH_PATHS = (
					"$(inherited)",
					"@executable_path/Frameworks",
				);
				PRODUCT_BUNDLE_IDENTIFIER = dev.fernandoflorez.GameStream;
				PRODUCT_NAME = "$(TARGET_NAME)";
				SWIFT_VERSION = 5.0;
				TARGETED_DEVICE_FAMILY = "1,2";
			};
			name = Release;
		};
		A860D68426C8207A00E431F4 /* Debug */ = {
			isa = XCBuildConfiguration;
			buildSettings = {
				ALWAYS_EMBED_SWIFT_STANDARD_LIBRARIES = YES;
				BUNDLE_LOADER = "$(TEST_HOST)";
				CODE_SIGN_STYLE = Automatic;
				DEVELOPMENT_TEAM = ZQAVFFZSU4;
				INFOPLIST_FILE = GameStreamTests/Info.plist;
				IPHONEOS_DEPLOYMENT_TARGET = 14.0;
				LD_RUNPATH_SEARCH_PATHS = (
					"$(inherited)",
					"@executable_path/Frameworks",
					"@loader_path/Frameworks",
				);
				PRODUCT_BUNDLE_IDENTIFIER = dev.fernandoflorez.GameStreamTests;
				PRODUCT_NAME = "$(TARGET_NAME)";
				SWIFT_VERSION = 5.0;
				TARGETED_DEVICE_FAMILY = "1,2";
				TEST_HOST = "$(BUILT_PRODUCTS_DIR)/GameStream.app/GameStream";
			};
			name = Debug;
		};
		A860D68526C8207A00E431F4 /* Release */ = {
			isa = XCBuildConfiguration;
			buildSettings = {
				ALWAYS_EMBED_SWIFT_STANDARD_LIBRARIES = YES;
				BUNDLE_LOADER = "$(TEST_HOST)";
				CODE_SIGN_STYLE = Automatic;
				DEVELOPMENT_TEAM = ZQAVFFZSU4;
				INFOPLIST_FILE = GameStreamTests/Info.plist;
				IPHONEOS_DEPLOYMENT_TARGET = 14.0;
				LD_RUNPATH_SEARCH_PATHS = (
					"$(inherited)",
					"@executable_path/Frameworks",
					"@loader_path/Frameworks",
				);
				PRODUCT_BUNDLE_IDENTIFIER = dev.fernandoflorez.GameStreamTests;
				PRODUCT_NAME = "$(TARGET_NAME)";
				SWIFT_VERSION = 5.0;
				TARGETED_DEVICE_FAMILY = "1,2";
				TEST_HOST = "$(BUILT_PRODUCTS_DIR)/GameStream.app/GameStream";
			};
			name = Release;
		};
		A860D68726C8207A00E431F4 /* Debug */ = {
			isa = XCBuildConfiguration;
			buildSettings = {
				ALWAYS_EMBED_SWIFT_STANDARD_LIBRARIES = YES;
				CODE_SIGN_STYLE = Automatic;
				DEVELOPMENT_TEAM = ZQAVFFZSU4;
				INFOPLIST_FILE = GameStreamUITests/Info.plist;
				LD_RUNPATH_SEARCH_PATHS = (
					"$(inherited)",
					"@executable_path/Frameworks",
					"@loader_path/Frameworks",
				);
				PRODUCT_BUNDLE_IDENTIFIER = dev.fernandoflorez.GameStreamUITests;
				PRODUCT_NAME = "$(TARGET_NAME)";
				SWIFT_VERSION = 5.0;
				TARGETED_DEVICE_FAMILY = "1,2";
				TEST_TARGET_NAME = GameStream;
			};
			name = Debug;
		};
		A860D68826C8207A00E431F4 /* Release */ = {
			isa = XCBuildConfiguration;
			buildSettings = {
				ALWAYS_EMBED_SWIFT_STANDARD_LIBRARIES = YES;
				CODE_SIGN_STYLE = Automatic;
				DEVELOPMENT_TEAM = ZQAVFFZSU4;
				INFOPLIST_FILE = GameStreamUITests/Info.plist;
				LD_RUNPATH_SEARCH_PATHS = (
					"$(inherited)",
					"@executable_path/Frameworks",
					"@loader_path/Frameworks",
				);
				PRODUCT_BUNDLE_IDENTIFIER = dev.fernandoflorez.GameStreamUITests;
				PRODUCT_NAME = "$(TARGET_NAME)";
				SWIFT_VERSION = 5.0;
				TARGETED_DEVICE_FAMILY = "1,2";
				TEST_TARGET_NAME = GameStream;
			};
			name = Release;
		};
/* End XCBuildConfiguration section */

/* Begin XCConfigurationList section */
		A860D65626C8207700E431F4 /* Build configuration list for PBXProject "GameStream" */ = {
			isa = XCConfigurationList;
			buildConfigurations = (
				A860D67E26C8207A00E431F4 /* Debug */,
				A860D67F26C8207A00E431F4 /* Release */,
			);
			defaultConfigurationIsVisible = 0;
			defaultConfigurationName = Release;
		};
		A860D68026C8207A00E431F4 /* Build configuration list for PBXNativeTarget "GameStream" */ = {
			isa = XCConfigurationList;
			buildConfigurations = (
				A860D68126C8207A00E431F4 /* Debug */,
				A860D68226C8207A00E431F4 /* Release */,
			);
			defaultConfigurationIsVisible = 0;
			defaultConfigurationName = Release;
		};
		A860D68326C8207A00E431F4 /* Build configuration list for PBXNativeTarget "GameStreamTests" */ = {
			isa = XCConfigurationList;
			buildConfigurations = (
				A860D68426C8207A00E431F4 /* Debug */,
				A860D68526C8207A00E431F4 /* Release */,
			);
			defaultConfigurationIsVisible = 0;
			defaultConfigurationName = Release;
		};
		A860D68626C8207A00E431F4 /* Build configuration list for PBXNativeTarget "GameStreamUITests" */ = {
			isa = XCConfigurationList;
			buildConfigurations = (
				A860D68726C8207A00E431F4 /* Debug */,
				A860D68826C8207A00E431F4 /* Release */,
			);
			defaultConfigurationIsVisible = 0;
			defaultConfigurationName = Release;
		};
/* End XCConfigurationList section */

/* Begin XCRemoteSwiftPackageReference section */
		A87565BB26D2F7D700D5CBAF /* XCRemoteSwiftPackageReference "Kingfisher" */ = {
			isa = XCRemoteSwiftPackageReference;
			repositoryURL = "https://github.com/onevcat/Kingfisher.git";
			requirement = {
				kind = upToNextMajorVersion;
				minimumVersion = 6.3.1;
			};
		};
/* End XCRemoteSwiftPackageReference section */

/* Begin XCSwiftPackageProductDependency section */
		A87565BC26D2F7D700D5CBAF /* Kingfisher */ = {
			isa = XCSwiftPackageProductDependency;
			package = A87565BB26D2F7D700D5CBAF /* XCRemoteSwiftPackageReference "Kingfisher" */;
			productName = Kingfisher;
		};
/* End XCSwiftPackageProductDependency section */
	};
	rootObject = A860D65326C8207700E431F4 /* Project object */;
}
